
Microsoft Visual Studio Solution File, Format Version 12.00
# Visual Studio Version 17
VisualStudioVersion = 17.9.34728.123
MinimumVisualStudioVersion = 10.0.40219.1
Project("{FAE04EC0-301F-11D3-BF4B-00C04F79EFBC}") = "ShopMate_Client_V1", "ShopMate_Client_V1\ShopMate_Client_V1.csproj", "{945EDC38-9DA5-412E-AC12-15FBF95F3AA6}"
EndProject
Global
	GlobalSection(SolutionConfigurationPlatforms) = preSolution
		Debug|Any CPU = Debug|Any CPU
		Release|Any CPU = Release|Any CPU
	EndGlobalSection
	GlobalSection(ProjectConfigurationPlatforms) = postSolution
		{945EDC38-9DA5-412E-AC12-15FBF95F3AA6}.Debug|Any CPU.ActiveCfg = Debug|Any CPU
		{945EDC38-9DA5-412E-AC12-15FBF95F3AA6}.Debug|Any CPU.Build.0 = Debug|Any CPU
		{945EDC38-9DA5-412E-AC12-15FBF95F3AA6}.Release|Any CPU.ActiveCfg = Release|Any CPU
		{945EDC38-9DA5-412E-AC12-15FBF95F3AA6}.Release|Any CPU.Build.0 = Release|Any CPU
	EndGlobalSection
	GlobalSection(SolutionProperties) = preSolution
		HideSolutionNode = FALSE
	EndGlobalSection
	GlobalSection(ExtensibilityGlobals) = postSolution
		SolutionGuid = {B7F6B5E2-B280-4284-9C90-BE41D0E1193A}
	EndGlobalSection
EndGlobal
