
Microsoft Visual Studio Solution File, Format Version 12.00
Project("{FAE04EC0-301F-11D3-BF4B-00C04F79EFBC}") = "API", "API\API.csproj", "{D977AD47-D487-4A69-B1BC-83890382C77C}"
EndProject
Global
	GlobalSection(SolutionConfigurationPlatforms) = preSolution
		Debug|Any CPU = Debug|Any CPU
		Release|Any CPU = Release|Any CPU
	EndGlobalSection
	GlobalSection(ProjectConfigurationPlatforms) = postSolution
		{D977AD47-D487-4A69-B1BC-83890382C77C}.Debug|Any CPU.ActiveCfg = Debug|Any CPU
		{D977AD47-D487-4A69-B1BC-83890382C77C}.Debug|Any CPU.Build.0 = Debug|Any CPU
		{D977AD47-D487-4A69-B1BC-83890382C77C}.Release|Any CPU.ActiveCfg = Release|Any CPU
		{D977AD47-D487-4A69-B1BC-83890382C77C}.Release|Any CPU.Build.0 = Release|Any CPU
	EndGlobalSection
EndGlobal
